{
  "name": "nrpc-example",
  "lockfileVersion": 3,
  "requires": true,
  "packages": {
    "": {
      "name": "nrpc-example",
      "dependencies": {
        "@nogg-aholic/nrpc": "file:../nRPC",
        "change-case": "^5.4.4"
      },
      "devDependencies": {
        "@nogg-aholic/nrpc-cli": "file:../nrpc-cli",
        "@types/bun": "^1.3.12",
        "@types/node": "^25.6.0",
        "typescript": "^6.0.3"
      }
    },
    "../nRPC": {
      "name": "@nogg-aholic/nrpc",
      "version": "0.7.3",
      "license": "MIT",
      "devDependencies": {
        "@types/bun": "latest",
        "@types/node": "^25.6.0",
        "typescript": "^6.0.3"
      }
    },
    "../nrpc-cli": {
      "name": "@nogg-aholic/nrpc-cli",
      "version": "0.8.0",
      "dev": true,
      "license": "MIT",
      "dependencies": {
        "graphql": "^16.11.0",
        "yaml": "^2.8.1"
      },
      "bin": {
        "nrpc-generate-codec": "dist/generate-codec-cli.js",
        "nrpc-generate-declaration-lines": "dist/generate-declaration-lines-cli.js",
        "nrpc-generate-endpoint-global-dts": "dist/generate-endpoint-global-dts-cli.js",
        "nrpc-generate-endpoint-surface": "dist/generate-endpoint-surface-cli.js",
        "nrpc-generate-graphql-openapi-surface": "dist/generate-graphql-openapi-surface-cli.js",
        "nrpc-generate-openapi-surface": "dist/generate-openapi-surface-cli.js",
        "nrpc-generate-package-target": "dist/generate-package-target-cli.js",
        "nrpc-generate-vercel": "dist/generate-vercel-cli.js",
        "nrpc-generate-zod-schema": "dist/generate-zod-schema-cli.js"
      },
      "devDependencies": {
        "@nogg-aholic/nrpc": "latest",
        "@types/bun": "latest",
        "@types/node": "^25.6.0",
        "typescript": "^6.0.3"
      },
      "peerDependencies": {
        "@nogg-aholic/nrpc": "latest"
      },
      "peerDependenciesMeta": {
        "@nogg-aholic/nrpc": {
          "optional": true
        }
      }
    },
    "node_modules/@nogg-aholic/nrpc": {
      "resolved": "../nRPC",
      "link": true
    },
    "node_modules/@nogg-aholic/nrpc-cli": {
      "resolved": "../nrpc-cli",
      "link": true
    },
    "node_modules/@types/bun": {
      "version": "1.3.14",
      "dev": true,
      "license": "MIT",
      "dependencies": {
        "bun-types": "1.3.14"
      }
    },
    "node_modules/@types/node": {
      "version": "25.9.0",
      "dev": true,
      "license": "MIT",
      "dependencies": {
        "undici-types": ">=7.24.0 <7.24.7"
      }
    },
    "node_modules/bun-types": {
      "version": "1.3.14",
      "dev": true,
      "license": "MIT",
      "dependencies": {
        "@types/node": "*"
      }
    },
    "node_modules/change-case": {
      "version": "5.4.4",
      "license": "MIT"
    },
    "node_modules/typescript": {
      "version": "6.0.3",
      "dev": true,
      "license": "Apache-2.0",
      "bin": {
        "tsc": "bin/tsc",
        "tsserver": "bin/tsserver"
      },
      "engines": {
        "node": ">=14.17"
      }
    },
    "node_modules/undici-types": {
      "version": "7.24.6",
      "dev": true,
      "license": "MIT"
    }
  }
}
